Microsoft Visual Studio Solution File, Format Version 11.00
# Visual Studio 2008

Project("{FBCA3F8A-7C2B-3727-FF28-794BE4F68704}") = "MeltyTime", "Assembly-CSharp.csproj", "{012DD150-FCAF-15F2-AA7F-19A806C5D567}"
EndProject
Global
	GlobalSection(SolutionConfigurationPlatforms) = preSolution
		Debug|Any CPU = Debug|Any CPU
		Release|Any CPU = Release|Any CPU
	EndGlobalSection
	GlobalSection(ProjectConfigurationPlatforms) = postSolution
		{012DD150-FCAF-15F2-AA7F-19A806C5D567}.Debug|Any CPU.ActiveCfg = Debug|Any CPU
		{012DD150-FCAF-15F2-AA7F-19A806C5D567}.Debug|Any CPU.Build.0 = Debug|Any CPU
		{012DD150-FCAF-15F2-AA7F-19A806C5D567}.Release|Any CPU.ActiveCfg = Release|Any CPU
		{012DD150-FCAF-15F2-AA7F-19A806C5D567}.Release|Any CPU.Build.0 = Release|Any CPU
	EndGlobalSection
	GlobalSection(SolutionProperties) = preSolution
		HideSolutionNode = FALSE
	EndGlobalSection
	GlobalSection(MonoDevelopProperties) = preSolution
		StartupItem = Assembly-CSharp.csproj
	EndGlobalSection
EndGlobal
